
Microsoft Visual Studio Solution File, Format Version 12.00
# Visual Studio Version 17
VisualStudioVersion = 17.2.32526.322
MinimumVisualStudioVersion = 10.0.40219.1
Project("{FAE04EC0-301F-11D3-BF4B-00C04F79EFBC}") = "PruebaTecnica-proyecto", "PruebaTecnica-proyecto\PruebaTecnica-proyecto.csproj", "{4FE435D3-67A6-48EC-B7AA-02914BB994D6}"
EndProject
Global
	GlobalSection(SolutionConfigurationPlatforms) = preSolution
		Debug|Any CPU = Debug|Any CPU
		Release|Any CPU = Release|Any CPU
	EndGlobalSection
	GlobalSection(ProjectConfigurationPlatforms) = postSolution
		{4FE435D3-67A6-48EC-B7AA-02914BB994D6}.Debug|Any CPU.ActiveCfg = Debug|Any CPU
		{4FE435D3-67A6-48EC-B7AA-02914BB994D6}.Debug|Any CPU.Build.0 = Debug|Any CPU
		{4FE435D3-67A6-48EC-B7AA-02914BB994D6}.Release|Any CPU.ActiveCfg = Release|Any CPU
		{4FE435D3-67A6-48EC-B7AA-02914BB994D6}.Release|Any CPU.Build.0 = Release|Any CPU
	EndGlobalSection
	GlobalSection(SolutionProperties) = preSolution
		HideSolutionNode = FALSE
	EndGlobalSection
	GlobalSection(ExtensibilityGlobals) = postSolution
		SolutionGuid = {BEC7A160-3FFA-46C2-BD5D-2C84CCE8A296}
	EndGlobalSection
EndGlobal
